
Microsoft Visual Studio Solution File, Format Version 11.00
# Visual C# Express 2010
Project("{FAE04EC0-301F-11D3-BF4B-00C04F79EFBC}") = "frmPurchaseDiscountedItem", "frmPurchaseDiscountedItem\frmPurchaseDiscountedItem.csproj", "{9A315446-E452-40E2-83E9-B6708D0C21CC}"
EndProject
Global
	GlobalSection(SolutionConfigurationPlatforms) = preSolution
		Debug|x86 = Debug|x86
		Release|x86 = Release|x86
	EndGlobalSection
	GlobalSection(ProjectConfigurationPlatforms) = postSolution
		{9A315446-E452-40E2-83E9-B6708D0C21CC}.Debug|x86.ActiveCfg = Debug|x86
		{9A315446-E452-40E2-83E9-B6708D0C21CC}.Debug|x86.Build.0 = Debug|x86
		{9A315446-E452-40E2-83E9-B6708D0C21CC}.Release|x86.ActiveCfg = Release|x86
		{9A315446-E452-40E2-83E9-B6708D0C21CC}.Release|x86.Build.0 = Release|x86
	EndGlobalSection
	GlobalSection(SolutionProperties) = preSolution
		HideSolutionNode = FALSE
	EndGlobalSection
EndGlobal
